
Microsoft Visual Studio Solution File, Format Version 11.00
# Visual Studio 2010
Project("{FAE04EC0-301F-11D3-BF4B-00C04F79EFBC}") = "CVServer", "CVServer\CVServer.csproj", "{2ADA2AF6-B5C0-4068-97E6-84158F18A956}"
EndProject
Project("{FAE04EC0-301F-11D3-BF4B-00C04F79EFBC}") = "InternetAccessories", "..\..\..\..\MyC#Class`s\InternetAccessories\InternetAccessories\InternetAccessories.csproj", "{D41BFCA6-7595-454E-A76A-4DF6A83AE05B}"
EndProject
Global
	GlobalSection(SolutionConfigurationPlatforms) = preSolution
		Debug|Any CPU = Debug|Any CPU
		Debug|Mixed Platforms = Debug|Mixed Platforms
		Debug|x86 = Debug|x86
		Release|Any CPU = Release|Any CPU
		Release|Mixed Platforms = Release|Mixed Platforms
		Release|x86 = Release|x86
	EndGlobalSection
	GlobalSection(ProjectConfigurationPlatforms) = postSolution
		{2ADA2AF6-B5C0-4068-97E6-84158F18A956}.Debug|Any CPU.ActiveCfg = Debug|x86
		{2ADA2AF6-B5C0-4068-97E6-84158F18A956}.Debug|Mixed Platforms.ActiveCfg = Debug|x86
		{2ADA2AF6-B5C0-4068-97E6-84158F18A956}.Debug|Mixed Platforms.Build.0 = Debug|x86
		{2ADA2AF6-B5C0-4068-97E6-84158F18A956}.Debug|x86.ActiveCfg = Debug|x86
		{2ADA2AF6-B5C0-4068-97E6-84158F18A956}.Debug|x86.Build.0 = Debug|x86
		{2ADA2AF6-B5C0-4068-97E6-84158F18A956}.Release|Any CPU.ActiveCfg = Release|x86
		{2ADA2AF6-B5C0-4068-97E6-84158F18A956}.Release|Mixed Platforms.ActiveCfg = Release|x86
		{2ADA2AF6-B5C0-4068-97E6-84158F18A956}.Release|Mixed Platforms.Build.0 = Release|x86
		{2ADA2AF6-B5C0-4068-97E6-84158F18A956}.Release|x86.ActiveCfg = Release|x86
		{2ADA2AF6-B5C0-4068-97E6-84158F18A956}.Release|x86.Build.0 = Release|x86
		{D41BFCA6-7595-454E-A76A-4DF6A83AE05B}.Debug|Any CPU.ActiveCfg = Debug|Any CPU
		{D41BFCA6-7595-454E-A76A-4DF6A83AE05B}.Debug|Any CPU.Build.0 = Debug|Any CPU
		{D41BFCA6-7595-454E-A76A-4DF6A83AE05B}.Debug|Mixed Platforms.ActiveCfg = Debug|Any CPU
		{D41BFCA6-7595-454E-A76A-4DF6A83AE05B}.Debug|Mixed Platforms.Build.0 = Debug|Any CPU
		{D41BFCA6-7595-454E-A76A-4DF6A83AE05B}.Debug|x86.ActiveCfg = Debug|Any CPU
		{D41BFCA6-7595-454E-A76A-4DF6A83AE05B}.Release|Any CPU.ActiveCfg = Release|Any CPU
		{D41BFCA6-7595-454E-A76A-4DF6A83AE05B}.Release|Any CPU.Build.0 = Release|Any CPU
		{D41BFCA6-7595-454E-A76A-4DF6A83AE05B}.Release|Mixed Platforms.ActiveCfg = Release|Any CPU
		{D41BFCA6-7595-454E-A76A-4DF6A83AE05B}.Release|Mixed Platforms.Build.0 = Release|Any CPU
		{D41BFCA6-7595-454E-A76A-4DF6A83AE05B}.Release|x86.ActiveCfg = Release|Any CPU
	EndGlobalSection
	GlobalSection(SolutionProperties) = preSolution
		HideSolutionNode = FALSE
	EndGlobalSection
EndGlobal
