
Microsoft Visual Studio Solution File, Format Version 11.00
# Visual Studio 2010
Project("{FAE04EC0-301F-11D3-BF4B-00C04F79EFBC}") = "CvAutoBackup", "CvAutoBackup\CvAutoBackup.csproj", "{7C3D03C6-B736-4074-8128-DC970251F001}"
EndProject
Global
	GlobalSection(SolutionConfigurationPlatforms) = preSolution
		Debug|x86 = Debug|x86
		Release|x86 = Release|x86
	EndGlobalSection
	GlobalSection(ProjectConfigurationPlatforms) = postSolution
		{7C3D03C6-B736-4074-8128-DC970251F001}.Debug|x86.ActiveCfg = Debug|x86
		{7C3D03C6-B736-4074-8128-DC970251F001}.Debug|x86.Build.0 = Debug|x86
		{7C3D03C6-B736-4074-8128-DC970251F001}.Release|x86.ActiveCfg = Release|x86
		{7C3D03C6-B736-4074-8128-DC970251F001}.Release|x86.Build.0 = Release|x86
	EndGlobalSection
	GlobalSection(SolutionProperties) = preSolution
		HideSolutionNode = FALSE
	EndGlobalSection
EndGlobal
